
Microsoft Visual Studio Solution File, Format Version 12.00
# Visual Studio Version 16
VisualStudioVersion = 16.0.32228.343
MinimumVisualStudioVersion = 10.0.40219.1
Project("{9A19103F-16F7-4668-BE54-9A1E7A4F7556}") = "ICI.Clipping.Application", "src\ICI.Clipping.Application\ICI.Clipping.Application.csproj", "{8C96101B-A24E-433D-89DE-1E5BAC1C4A55}"
EndProject
Project("{9A19103F-16F7-4668-BE54-9A1E7A4F7556}") = "ICI.Clipping.Data", "src\ICI.Clipping.Data\ICI.Clipping.Data.csproj", "{65E5FBA2-5F26-468B-A2F6-2636F192CBEC}"
EndProject
Project("{2150E333-8FDC-42A3-9474-1A3956D46DE8}") = "src", "src", "{EF34ABEB-A9E4-4C1A-855B-A81081147EEA}"
EndProject
Project("{2150E333-8FDC-42A3-9474-1A3956D46DE8}") = "doc", "doc", "{C1DA61FB-16B8-46D3-A9E6-DE9A037EC61D}"
	ProjectSection(SolutionItems) = preProject
		doc\tasks.txt = doc\tasks.txt
	EndProjectSection
EndProject
Project("{9A19103F-16F7-4668-BE54-9A1E7A4F7556}") = "ICI.Clipping.WebApi.Clippings", "src\ICI.Clipping.WebApi.Clippings\ICI.Clipping.WebApi.Clippings.csproj", "{A6F83C06-CE6C-4BD4-8858-143641315658}"
EndProject
Project("{9A19103F-16F7-4668-BE54-9A1E7A4F7556}") = "ICI.Clipping.WebApi.Users", "src\ICI.Clipping.WebApi.Users\ICI.Clipping.WebApi.Users.csproj", "{A73CF5D6-E3A5-4C72-9019-E18C78170318}"
EndProject
Project("{2150E333-8FDC-42A3-9474-1A3956D46DE8}") = "test", "test", "{32DE1BA6-6758-44B9-B8E4-AF6E78226340}"
EndProject
Global
	GlobalSection(SolutionConfigurationPlatforms) = preSolution
		Debug|Any CPU = Debug|Any CPU
		Debug|x64 = Debug|x64
		Release|Any CPU = Release|Any CPU
		Release|x64 = Release|x64
	EndGlobalSection
	GlobalSection(ProjectConfigurationPlatforms) = postSolution
		{8C96101B-A24E-433D-89DE-1E5BAC1C4A55}.Debug|Any CPU.ActiveCfg = Debug|Any CPU
		{8C96101B-A24E-433D-89DE-1E5BAC1C4A55}.Debug|Any CPU.Build.0 = Debug|Any CPU
		{8C96101B-A24E-433D-89DE-1E5BAC1C4A55}.Debug|x64.ActiveCfg = Debug|Any CPU
		{8C96101B-A24E-433D-89DE-1E5BAC1C4A55}.Debug|x64.Build.0 = Debug|Any CPU
		{8C96101B-A24E-433D-89DE-1E5BAC1C4A55}.Release|Any CPU.ActiveCfg = Release|Any CPU
		{8C96101B-A24E-433D-89DE-1E5BAC1C4A55}.Release|Any CPU.Build.0 = Release|Any CPU
		{8C96101B-A24E-433D-89DE-1E5BAC1C4A55}.Release|x64.ActiveCfg = Release|Any CPU
		{8C96101B-A24E-433D-89DE-1E5BAC1C4A55}.Release|x64.Build.0 = Release|Any CPU
		{65E5FBA2-5F26-468B-A2F6-2636F192CBEC}.Debug|Any CPU.ActiveCfg = Debug|Any CPU
		{65E5FBA2-5F26-468B-A2F6-2636F192CBEC}.Debug|Any CPU.Build.0 = Debug|Any CPU
		{65E5FBA2-5F26-468B-A2F6-2636F192CBEC}.Debug|x64.ActiveCfg = Debug|Any CPU
		{65E5FBA2-5F26-468B-A2F6-2636F192CBEC}.Debug|x64.Build.0 = Debug|Any CPU
		{65E5FBA2-5F26-468B-A2F6-2636F192CBEC}.Release|Any CPU.ActiveCfg = Release|Any CPU
		{65E5FBA2-5F26-468B-A2F6-2636F192CBEC}.Release|Any CPU.Build.0 = Release|Any CPU
		{65E5FBA2-5F26-468B-A2F6-2636F192CBEC}.Release|x64.ActiveCfg = Release|Any CPU
		{65E5FBA2-5F26-468B-A2F6-2636F192CBEC}.Release|x64.Build.0 = Release|Any CPU
		{A6F83C06-CE6C-4BD4-8858-143641315658}.Debug|Any CPU.ActiveCfg = Debug|Any CPU
		{A6F83C06-CE6C-4BD4-8858-143641315658}.Debug|Any CPU.Build.0 = Debug|Any CPU
		{A6F83C06-CE6C-4BD4-8858-143641315658}.Debug|x64.ActiveCfg = Debug|x64
		{A6F83C06-CE6C-4BD4-8858-143641315658}.Debug|x64.Build.0 = Debug|x64
		{A6F83C06-CE6C-4BD4-8858-143641315658}.Release|Any CPU.ActiveCfg = Release|Any CPU
		{A6F83C06-CE6C-4BD4-8858-143641315658}.Release|Any CPU.Build.0 = Release|Any CPU
		{A6F83C06-CE6C-4BD4-8858-143641315658}.Release|x64.ActiveCfg = Release|x64
		{A6F83C06-CE6C-4BD4-8858-143641315658}.Release|x64.Build.0 = Release|x64
		{A73CF5D6-E3A5-4C72-9019-E18C78170318}.Debug|Any CPU.ActiveCfg = Debug|Any CPU
		{A73CF5D6-E3A5-4C72-9019-E18C78170318}.Debug|Any CPU.Build.0 = Debug|Any CPU
		{A73CF5D6-E3A5-4C72-9019-E18C78170318}.Debug|x64.ActiveCfg = Debug|x64
		{A73CF5D6-E3A5-4C72-9019-E18C78170318}.Debug|x64.Build.0 = Debug|x64
		{A73CF5D6-E3A5-4C72-9019-E18C78170318}.Release|Any CPU.ActiveCfg = Release|Any CPU
		{A73CF5D6-E3A5-4C72-9019-E18C78170318}.Release|Any CPU.Build.0 = Release|Any CPU
		{A73CF5D6-E3A5-4C72-9019-E18C78170318}.Release|x64.ActiveCfg = Release|x64
		{A73CF5D6-E3A5-4C72-9019-E18C78170318}.Release|x64.Build.0 = Release|x64
	EndGlobalSection
	GlobalSection(SolutionProperties) = preSolution
		HideSolutionNode = FALSE
	EndGlobalSection
	GlobalSection(NestedProjects) = preSolution
		{8C96101B-A24E-433D-89DE-1E5BAC1C4A55} = {EF34ABEB-A9E4-4C1A-855B-A81081147EEA}
		{65E5FBA2-5F26-468B-A2F6-2636F192CBEC} = {EF34ABEB-A9E4-4C1A-855B-A81081147EEA}
		{A6F83C06-CE6C-4BD4-8858-143641315658} = {EF34ABEB-A9E4-4C1A-855B-A81081147EEA}
		{A73CF5D6-E3A5-4C72-9019-E18C78170318} = {EF34ABEB-A9E4-4C1A-855B-A81081147EEA}
	EndGlobalSection
	GlobalSection(ExtensibilityGlobals) = postSolution
		SolutionGuid = {CE3110DA-1F6C-4E1B-94EC-EAA53B8A6472}
	EndGlobalSection
EndGlobal
